{
  "name": "svelte-inline-component",
  "version": "0.0.3",
  "lockfileVersion": 2,
  "requires": true,
  "packages": {
    "": {
      "name": "svelte-inline-component",
      "version": "0.0.3",
      "license": "ISC",
      "dependencies": {
        "vite-plugin-svelte-inline-component": "^0.0.2"
      }
    },
    "node_modules/vite-plugin-svelte-inline-component": {
      "version": "0.0.2",
      "resolved": "https://registry.npmjs.org/vite-plugin-svelte-inline-component/-/vite-plugin-svelte-inline-component-0.0.2.tgz",
      "integrity": "sha512-pNiival8NwJDNg3VAgs7wC/5MV+OJyJc2ZinbJlinLy9f007uhFGG/DjiDbkB9dHMAWmR93bGCVURM/ahrHsGQ=="
    }
  },
  "dependencies": {
    "vite-plugin-svelte-inline-component": {
      "version": "0.0.2",
      "resolved": "https://registry.npmjs.org/vite-plugin-svelte-inline-component/-/vite-plugin-svelte-inline-component-0.0.2.tgz",
      "integrity": "sha512-pNiival8NwJDNg3VAgs7wC/5MV+OJyJc2ZinbJlinLy9f007uhFGG/DjiDbkB9dHMAWmR93bGCVURM/ahrHsGQ=="
    }
  }
}
