{
  "name": "svelte-inline-component",
  "version": "0.0.8",
  "lockfileVersion": 2,
  "requires": true,
  "packages": {
    "": {
      "name": "svelte-inline-component",
      "version": "0.0.8",
      "license": "ISC",
      "peerDependencies": {
        "vite-plugin-svelte-inline-component": "^0.0.8"
      }
    },
    "node_modules/vite-plugin-svelte-inline-component": {
      "version": "0.0.8",
      "resolved": "https://registry.npmjs.org/vite-plugin-svelte-inline-component/-/vite-plugin-svelte-inline-component-0.0.8.tgz",
      "integrity": "sha512-BSaMbawPBT5JmHTp4HNjD02u7bKswk9uBpF5875wH7LE9N26+AykNJuBm+IAHcQO9xJ5sulhd6VZAMq8Fena9A==",
      "peer": true
    }
  },
  "dependencies": {
    "vite-plugin-svelte-inline-component": {
      "version": "0.0.8",
      "resolved": "https://registry.npmjs.org/vite-plugin-svelte-inline-component/-/vite-plugin-svelte-inline-component-0.0.8.tgz",
      "integrity": "sha512-BSaMbawPBT5JmHTp4HNjD02u7bKswk9uBpF5875wH7LE9N26+AykNJuBm+IAHcQO9xJ5sulhd6VZAMq8Fena9A==",
      "peer": true
    }
  }
}
