{
  "name": "svelte-inline-component",
  "version": "0.0.7",
  "lockfileVersion": 2,
  "requires": true,
  "packages": {
    "": {
      "name": "svelte-inline-component",
      "version": "0.0.7",
      "license": "ISC",
      "dependencies": {
        "vite-plugin-svelte-inline-component": "^0.0.7"
      }
    },
    "node_modules/vite-plugin-svelte-inline-component": {
      "version": "0.0.7",
      "resolved": "https://registry.npmjs.org/vite-plugin-svelte-inline-component/-/vite-plugin-svelte-inline-component-0.0.7.tgz",
      "integrity": "sha512-YfTdlK8xw5LWVmwqoZ3EA8MhwCEKv49aASDPQSFSj2ipO7hsTAY923ck51mhP1qbYUtrLexNXBIgkAIA36mFsg=="
    }
  },
  "dependencies": {
    "vite-plugin-svelte-inline-component": {
      "version": "0.0.7",
      "resolved": "https://registry.npmjs.org/vite-plugin-svelte-inline-component/-/vite-plugin-svelte-inline-component-0.0.7.tgz",
      "integrity": "sha512-YfTdlK8xw5LWVmwqoZ3EA8MhwCEKv49aASDPQSFSj2ipO7hsTAY923ck51mhP1qbYUtrLexNXBIgkAIA36mFsg=="
    }
  }
}
